// !$*UTF8*$!
{
	archiveVersion = 1;
	classes = {
	};
	objectVersion = 56;
	objects = {

/* Begin PBXBuildFile section */
		AC61B5CE2B89F99E00F23181 /* CharacterListViewModel.swift in Sources */ = {isa = PBXBuildFile; fileRef = AC61B5CD2B89F99E00F23181 /* CharacterListViewModel.swift */; };
		AC61B5D12B89FA7500F23181 /* Coordinator.swift in Sources */ = {isa = PBXBuildFile; fileRef = AC61B5D02B89FA7500F23181 /* Coordinator.swift */; };
		AC61B5D32B89FA8A00F23181 /* AppCoordinator.swift in Sources */ = {isa = PBXBuildFile; fileRef = AC61B5D22B89FA8A00F23181 /* AppCoordinator.swift */; };
		AC61B5D62B89FD2000F23181 /* UIApplication+EXT.swift in Sources */ = {isa = PBXBuildFile; fileRef = AC61B5D52B89FD2000F23181 /* UIApplication+EXT.swift */; };
		AC61B5DC2B8A02C900F23181 /* SplashVC.xib in Resources */ = {isa = PBXBuildFile; fileRef = AC61B5DB2B8A02C900F23181 /* SplashVC.xib */; };
		AC61B5DE2B8A03DD00F23181 /* CharacterListVC.xib in Resources */ = {isa = PBXBuildFile; fileRef = AC61B5DD2B8A03DD00F23181 /* CharacterListVC.xib */; };
		AC61B5E02B8A078500F23181 /* RXViewController.swift in Sources */ = {isa = PBXBuildFile; fileRef = AC61B5DF2B8A078500F23181 /* RXViewController.swift */; };
		AC61B5E22B8A099F00F23181 /* String+EXT.swift in Sources */ = {isa = PBXBuildFile; fileRef = AC61B5E12B8A099F00F23181 /* String+EXT.swift */; };
		AC61B5E42B8A0B2000F23181 /* ParameterKeys.swift in Sources */ = {isa = PBXBuildFile; fileRef = AC61B5E32B8A0B2000F23181 /* ParameterKeys.swift */; };
		AC61B5E72B8A1DED00F23181 /* Alamofire in Frameworks */ = {isa = PBXBuildFile; productRef = AC61B5E62B8A1DED00F23181 /* Alamofire */; };
		AC61B5EC2B8A1E3800F23181 /* HTTPClient.swift in Sources */ = {isa = PBXBuildFile; fileRef = AC61B5EB2B8A1E3800F23181 /* HTTPClient.swift */; };
		AC61B5F02B8A1F9100F23181 /* RxAlamofire in Frameworks */ = {isa = PBXBuildFile; productRef = AC61B5EF2B8A1F9100F23181 /* RxAlamofire */; };
		AC61B5F22B8A20E400F23181 /* NetworkManager.swift in Sources */ = {isa = PBXBuildFile; fileRef = AC61B5F12B8A20E400F23181 /* NetworkManager.swift */; };
		AC61B5F52B8A239B00F23181 /* CharacterListService.swift in Sources */ = {isa = PBXBuildFile; fileRef = AC61B5F42B8A239B00F23181 /* CharacterListService.swift */; };
		AC61B5F72B8A24D200F23181 /* Thumbnail.swift in Sources */ = {isa = PBXBuildFile; fileRef = AC61B5F62B8A24D200F23181 /* Thumbnail.swift */; };
		AC61B5FE2B8A32DE00F23181 /* Batch.swift in Sources */ = {isa = PBXBuildFile; fileRef = AC61B5FD2B8A32DE00F23181 /* Batch.swift */; };
		ACB3766A2B89EA8C009744C5 /* MarvelNavigationController.swift in Sources */ = {isa = PBXBuildFile; fileRef = ACB376692B89EA8C009744C5 /* MarvelNavigationController.swift */; };
		ACB3766E2B89EBD3009744C5 /* CharacterTableViewCell.swift in Sources */ = {isa = PBXBuildFile; fileRef = ACB3766C2B89EBD3009744C5 /* CharacterTableViewCell.swift */; };
		ACB3766F2B89EBD3009744C5 /* CharacterTableViewCell.xib in Resources */ = {isa = PBXBuildFile; fileRef = ACB3766D2B89EBD3009744C5 /* CharacterTableViewCell.xib */; };
		ACB376722B89F323009744C5 /* Marvel.swift in Sources */ = {isa = PBXBuildFile; fileRef = ACB376712B89F323009744C5 /* Marvel.swift */; };
		ACB376752B89F60B009744C5 /* SDWebImage in Frameworks */ = {isa = PBXBuildFile; productRef = ACB376742B89F60B009744C5 /* SDWebImage */; };
		ACB376772B89F60B009744C5 /* SDWebImageMapKit in Frameworks */ = {isa = PBXBuildFile; productRef = ACB376762B89F60B009744C5 /* SDWebImageMapKit */; };
		ACB376792B89F719009744C5 /* Character.swift in Sources */ = {isa = PBXBuildFile; fileRef = ACB376782B89F719009744C5 /* Character.swift */; };
		ACE94C6B2B87BB6A0098183D /* AppDelegate.swift in Sources */ = {isa = PBXBuildFile; fileRef = ACE94C6A2B87BB6A0098183D /* AppDelegate.swift */; };
		ACE94C6D2B87BB6A0098183D /* SceneDelegate.swift in Sources */ = {isa = PBXBuildFile; fileRef = ACE94C6C2B87BB6A0098183D /* SceneDelegate.swift */; };
		ACE94C742B87BB6B0098183D /* Assets.xcassets in Resources */ = {isa = PBXBuildFile; fileRef = ACE94C732B87BB6B0098183D /* Assets.xcassets */; };
		ACE94C772B87BB6B0098183D /* LaunchScreen.storyboard in Resources */ = {isa = PBXBuildFile; fileRef = ACE94C752B87BB6B0098183D /* LaunchScreen.storyboard */; };
		ACE94C932B87BE9A0098183D /* CharacterListVC.swift in Sources */ = {isa = PBXBuildFile; fileRef = ACE94C922B87BE9A0098183D /* CharacterListVC.swift */; };
		ACE94C962B87C4540098183D /* EndPoint.swift in Sources */ = {isa = PBXBuildFile; fileRef = ACE94C952B87C4540098183D /* EndPoint.swift */; };
		ACE94C992B87C5380098183D /* Environment.swift in Sources */ = {isa = PBXBuildFile; fileRef = ACE94C982B87C5380098183D /* Environment.swift */; };
		ACE94C9B2B87C5A30098183D /* BaseURL.swift in Sources */ = {isa = PBXBuildFile; fileRef = ACE94C9A2B87C5A30098183D /* BaseURL.swift */; };
		ACE94C9F2B87C62C0098183D /* API.swift in Sources */ = {isa = PBXBuildFile; fileRef = ACE94C9E2B87C62C0098183D /* API.swift */; };
		ACE94CA22B87C6990098183D /* RxBlocking in Frameworks */ = {isa = PBXBuildFile; productRef = ACE94CA12B87C6990098183D /* RxBlocking */; };
		ACE94CA42B87C6990098183D /* RxBlocking-Dynamic in Frameworks */ = {isa = PBXBuildFile; productRef = ACE94CA32B87C6990098183D /* RxBlocking-Dynamic */; };
		ACE94CA62B87C6990098183D /* RxCocoa in Frameworks */ = {isa = PBXBuildFile; productRef = ACE94CA52B87C6990098183D /* RxCocoa */; };
		ACE94CA82B87C6990098183D /* RxCocoa-Dynamic in Frameworks */ = {isa = PBXBuildFile; productRef = ACE94CA72B87C6990098183D /* RxCocoa-Dynamic */; };
		ACE94CAA2B87C6990098183D /* RxRelay in Frameworks */ = {isa = PBXBuildFile; productRef = ACE94CA92B87C6990098183D /* RxRelay */; };
		ACE94CAD2B87CA1D0098183D /* Lottie in Frameworks */ = {isa = PBXBuildFile; productRef = ACE94CAC2B87CA1D0098183D /* Lottie */; };
		ACE94CB42B87CAE30098183D /* SplashVC.swift in Sources */ = {isa = PBXBuildFile; fileRef = ACE94CB32B87CAE30098183D /* SplashVC.swift */; };
		ACE94CB72B87CB9F0098183D /* SplashViewModel.swift in Sources */ = {isa = PBXBuildFile; fileRef = ACE94CB62B87CB9F0098183D /* SplashViewModel.swift */; };
		ACE94CBE2B87D2F20098183D /* Animation.json in Resources */ = {isa = PBXBuildFile; fileRef = ACE94CBD2B87D2F20098183D /* Animation.json */; };
/* End PBXBuildFile section */

/* Begin PBXFileReference section */
		AC61B5CD2B89F99E00F23181 /* CharacterListViewModel.swift */ = {isa = PBXFileReference; lastKnownFileType = sourcecode.swift; path = CharacterListViewModel.swift; sourceTree = "<group>"; };
		AC61B5D02B89FA7500F23181 /* Coordinator.swift */ = {isa = PBXFileReference; lastKnownFileType = sourcecode.swift; path = Coordinator.swift; sourceTree = "<group>"; };
		AC61B5D22B89FA8A00F23181 /* AppCoordinator.swift */ = {isa = PBXFileReference; lastKnownFileType = sourcecode.swift; path = AppCoordinator.swift; sourceTree = "<group>"; };
		AC61B5D52B89FD2000F23181 /* UIApplication+EXT.swift */ = {isa = PBXFileReference; fileEncoding = 4; lastKnownFileType = sourcecode.swift; path = "UIApplication+EXT.swift"; sourceTree = "<group>"; };
		AC61B5DB2B8A02C900F23181 /* SplashVC.xib */ = {isa = PBXFileReference; lastKnownFileType = file.xib; path = SplashVC.xib; sourceTree = "<group>"; };
		AC61B5DD2B8A03DD00F23181 /* CharacterListVC.xib */ = {isa = PBXFileReference; lastKnownFileType = file.xib; path = CharacterListVC.xib; sourceTree = "<group>"; };
		AC61B5DF2B8A078500F23181 /* RXViewController.swift */ = {isa = PBXFileReference; lastKnownFileType = sourcecode.swift; path = RXViewController.swift; sourceTree = "<group>"; };
		AC61B5E12B8A099F00F23181 /* String+EXT.swift */ = {isa = PBXFileReference; lastKnownFileType = sourcecode.swift; path = "String+EXT.swift"; sourceTree = "<group>"; };
		AC61B5E32B8A0B2000F23181 /* ParameterKeys.swift */ = {isa = PBXFileReference; lastKnownFileType = sourcecode.swift; path = ParameterKeys.swift; sourceTree = "<group>"; };
		AC61B5EB2B8A1E3800F23181 /* HTTPClient.swift */ = {isa = PBXFileReference; lastKnownFileType = sourcecode.swift; path = HTTPClient.swift; sourceTree = "<group>"; };
		AC61B5F12B8A20E400F23181 /* NetworkManager.swift */ = {isa = PBXFileReference; lastKnownFileType = sourcecode.swift; path = NetworkManager.swift; sourceTree = "<group>"; };
		AC61B5F42B8A239B00F23181 /* CharacterListService.swift */ = {isa = PBXFileReference; lastKnownFileType = sourcecode.swift; path = CharacterListService.swift; sourceTree = "<group>"; };
		AC61B5F62B8A24D200F23181 /* Thumbnail.swift */ = {isa = PBXFileReference; lastKnownFileType = sourcecode.swift; path = Thumbnail.swift; sourceTree = "<group>"; };
		AC61B5FD2B8A32DE00F23181 /* Batch.swift */ = {isa = PBXFileReference; lastKnownFileType = sourcecode.swift; path = Batch.swift; sourceTree = "<group>"; };
		ACB376692B89EA8C009744C5 /* MarvelNavigationController.swift */ = {isa = PBXFileReference; lastKnownFileType = sourcecode.swift; path = MarvelNavigationController.swift; sourceTree = "<group>"; };
		ACB3766C2B89EBD3009744C5 /* CharacterTableViewCell.swift */ = {isa = PBXFileReference; lastKnownFileType = sourcecode.swift; path = CharacterTableViewCell.swift; sourceTree = "<group>"; };
		ACB3766D2B89EBD3009744C5 /* CharacterTableViewCell.xib */ = {isa = PBXFileReference; lastKnownFileType = file.xib; path = CharacterTableViewCell.xib; sourceTree = "<group>"; };
		ACB376712B89F323009744C5 /* Marvel.swift */ = {isa = PBXFileReference; lastKnownFileType = sourcecode.swift; path = Marvel.swift; sourceTree = "<group>"; };
		ACB376782B89F719009744C5 /* Character.swift */ = {isa = PBXFileReference; lastKnownFileType = sourcecode.swift; path = Character.swift; sourceTree = "<group>"; };
		ACE94C672B87BB6A0098183D /* MarvelHeros.app */ = {isa = PBXFileReference; explicitFileType = wrapper.application; includeInIndex = 0; path = MarvelHeros.app; sourceTree = BUILT_PRODUCTS_DIR; };
		ACE94C6A2B87BB6A0098183D /* AppDelegate.swift */ = {isa = PBXFileReference; lastKnownFileType = sourcecode.swift; path = AppDelegate.swift; sourceTree = "<group>"; };
		ACE94C6C2B87BB6A0098183D /* SceneDelegate.swift */ = {isa = PBXFileReference; lastKnownFileType = sourcecode.swift; path = SceneDelegate.swift; sourceTree = "<group>"; };
		ACE94C732B87BB6B0098183D /* Assets.xcassets */ = {isa = PBXFileReference; lastKnownFileType = folder.assetcatalog; path = Assets.xcassets; sourceTree = "<group>"; };
		ACE94C762B87BB6B0098183D /* Base */ = {isa = PBXFileReference; lastKnownFileType = file.storyboard; name = Base; path = Base.lproj/LaunchScreen.storyboard; sourceTree = "<group>"; };
		ACE94C782B87BB6B0098183D /* Info.plist */ = {isa = PBXFileReference; lastKnownFileType = text.plist.xml; path = Info.plist; sourceTree = "<group>"; };
		ACE94C922B87BE9A0098183D /* CharacterListVC.swift */ = {isa = PBXFileReference; lastKnownFileType = sourcecode.swift; path = CharacterListVC.swift; sourceTree = "<group>"; };
		ACE94C952B87C4540098183D /* EndPoint.swift */ = {isa = PBXFileReference; lastKnownFileType = sourcecode.swift; path = EndPoint.swift; sourceTree = "<group>"; };
		ACE94C982B87C5380098183D /* Environment.swift */ = {isa = PBXFileReference; lastKnownFileType = sourcecode.swift; path = Environment.swift; sourceTree = "<group>"; };
		ACE94C9A2B87C5A30098183D /* BaseURL.swift */ = {isa = PBXFileReference; lastKnownFileType = sourcecode.swift; path = BaseURL.swift; sourceTree = "<group>"; };
		ACE94C9E2B87C62C0098183D /* API.swift */ = {isa = PBXFileReference; lastKnownFileType = sourcecode.swift; path = API.swift; sourceTree = "<group>"; };
		ACE94CB32B87CAE30098183D /* SplashVC.swift */ = {isa = PBXFileReference; lastKnownFileType = sourcecode.swift; path = SplashVC.swift; sourceTree = "<group>"; };
		ACE94CB62B87CB9F0098183D /* SplashViewModel.swift */ = {isa = PBXFileReference; lastKnownFileType = sourcecode.swift; path = SplashViewModel.swift; sourceTree = "<group>"; };
		ACE94CBD2B87D2F20098183D /* Animation.json */ = {isa = PBXFileReference; fileEncoding = 4; lastKnownFileType = text.json; path = Animation.json; sourceTree = "<group>"; };
/* End PBXFileReference section */

/* Begin PBXFrameworksBuildPhase section */
		ACE94C642B87BB6A0098183D /* Frameworks */ = {
			isa = PBXFrameworksBuildPhase;
			buildActionMask = 2147483647;
			files = (
				AC61B5E72B8A1DED00F23181 /* Alamofire in Frameworks */,
				ACE94CAA2B87C6990098183D /* RxRelay in Frameworks */,
				ACE94CA82B87C6990098183D /* RxCocoa-Dynamic in Frameworks */,
				AC61B5F02B8A1F9100F23181 /* RxAlamofire in Frameworks */,
				ACE94CA62B87C6990098183D /* RxCocoa in Frameworks */,
				ACB376752B89F60B009744C5 /* SDWebImage in Frameworks */,
				ACE94CA22B87C6990098183D /* RxBlocking in Frameworks */,
				ACE94CA42B87C6990098183D /* RxBlocking-Dynamic in Frameworks */,
				ACB376772B89F60B009744C5 /* SDWebImageMapKit in Frameworks */,
				ACE94CAD2B87CA1D0098183D /* Lottie in Frameworks */,
			);
			runOnlyForDeploymentPostprocessing = 0;
		};
/* End PBXFrameworksBuildPhase section */

/* Begin PBXGroup section */
		AC61B5CA2B89F96000F23181 /* Model */ = {
			isa = PBXGroup;
			children = (
			);
			path = Model;
			sourceTree = "<group>";
		};
		AC61B5CB2B89F96B00F23181 /* ViewModel */ = {
			isa = PBXGroup;
			children = (
				AC61B5CD2B89F99E00F23181 /* CharacterListViewModel.swift */,
			);
			path = ViewModel;
			sourceTree = "<group>";
		};
		AC61B5CC2B89F97100F23181 /* View */ = {
			isa = PBXGroup;
			children = (
				ACB3766B2B89EBAE009744C5 /* CharacterCell */,
				ACE94C862B87BC810098183D /* ViewController */,
			);
			path = View;
			sourceTree = "<group>";
		};
		AC61B5CF2B89FA6500F23181 /* Coordinator */ = {
			isa = PBXGroup;
			children = (
				AC61B5D02B89FA7500F23181 /* Coordinator.swift */,
				AC61B5D22B89FA8A00F23181 /* AppCoordinator.swift */,
			);
			path = Coordinator;
			sourceTree = "<group>";
		};
		AC61B5D42B89FD0100F23181 /* Extension */ = {
			isa = PBXGroup;
			children = (
				AC61B5D52B89FD2000F23181 /* UIApplication+EXT.swift */,
				AC61B5E12B8A099F00F23181 /* String+EXT.swift */,
			);
			path = Extension;
			sourceTree = "<group>";
		};
		AC61B5EA2B8A1E2800F23181 /* Protocol */ = {
			isa = PBXGroup;
			children = (
				AC61B5EB2B8A1E3800F23181 /* HTTPClient.swift */,
			);
			path = Protocol;
			sourceTree = "<group>";
		};
		AC61B5F32B8A238D00F23181 /* Service */ = {
			isa = PBXGroup;
			children = (
				AC61B5F42B8A239B00F23181 /* CharacterListService.swift */,
			);
			path = Service;
			sourceTree = "<group>";
		};
		AC61B5FC2B8A32CB00F23181 /* Model */ = {
			isa = PBXGroup;
			children = (
				ACB376782B89F719009744C5 /* Character.swift */,
				AC61B5F62B8A24D200F23181 /* Thumbnail.swift */,
				AC61B5FD2B8A32DE00F23181 /* Batch.swift */,
			);
			path = Model;
			sourceTree = "<group>";
		};
		ACB376682B89EA4B009744C5 /* Utils */ = {
			isa = PBXGroup;
			children = (
				ACB376692B89EA8C009744C5 /* MarvelNavigationController.swift */,
				AC61B5DF2B8A078500F23181 /* RXViewController.swift */,
			);
			path = Utils;
			sourceTree = "<group>";
		};
		ACB3766B2B89EBAE009744C5 /* CharacterCell */ = {
			isa = PBXGroup;
			children = (
				ACB3766C2B89EBD3009744C5 /* CharacterTableViewCell.swift */,
				ACB3766D2B89EBD3009744C5 /* CharacterTableViewCell.xib */,
			);
			path = CharacterCell;
			sourceTree = "<group>";
		};
		ACB376702B89F31B009744C5 /* Marvel */ = {
			isa = PBXGroup;
			children = (
				ACB376712B89F323009744C5 /* Marvel.swift */,
				AC61B5FC2B8A32CB00F23181 /* Model */,
			);
			path = Marvel;
			sourceTree = "<group>";
		};
		ACE94C5E2B87BB6A0098183D = {
			isa = PBXGroup;
			children = (
				ACE94C692B87BB6A0098183D /* MarvelHeros */,
				ACE94C682B87BB6A0098183D /* Products */,
			);
			sourceTree = "<group>";
		};
		ACE94C682B87BB6A0098183D /* Products */ = {
			isa = PBXGroup;
			children = (
				ACE94C672B87BB6A0098183D /* MarvelHeros.app */,
			);
			name = Products;
			sourceTree = "<group>";
		};
		ACE94C692B87BB6A0098183D /* MarvelHeros */ = {
			isa = PBXGroup;
			children = (
				ACE94C822B87BBCD0098183D /* Application */,
				ACB376682B89EA4B009744C5 /* Utils */,
				ACE94C892B87BCAE0098183D /* Core */,
				ACE94C832B87BC6D0098183D /* Modules */,
				ACE94C7F2B87BB960098183D /* SupportedFiles */,
				ACE94C7E2B87BB910098183D /* Resources */,
			);
			path = MarvelHeros;
			sourceTree = "<group>";
		};
		ACE94C7E2B87BB910098183D /* Resources */ = {
			isa = PBXGroup;
			children = (
				ACE94C782B87BB6B0098183D /* Info.plist */,
			);
			path = Resources;
			sourceTree = "<group>";
		};
		ACE94C7F2B87BB960098183D /* SupportedFiles */ = {
			isa = PBXGroup;
			children = (
				ACE94CB82B87CBE30098183D /* LottieFiles */,
				ACE94C802B87BB9D0098183D /* Assets */,
				ACE94C812B87BBA20098183D /* LaunchScreen */,
			);
			path = SupportedFiles;
			sourceTree = "<group>";
		};
		ACE94C802B87BB9D0098183D /* Assets */ = {
			isa = PBXGroup;
			children = (
				ACE94C732B87BB6B0098183D /* Assets.xcassets */,
			);
			path = Assets;
			sourceTree = "<group>";
		};
		ACE94C812B87BBA20098183D /* LaunchScreen */ = {
			isa = PBXGroup;
			children = (
				ACE94C752B87BB6B0098183D /* LaunchScreen.storyboard */,
			);
			path = LaunchScreen;
			sourceTree = "<group>";
		};
		ACE94C822B87BBCD0098183D /* Application */ = {
			isa = PBXGroup;
			children = (
				ACE94C6A2B87BB6A0098183D /* AppDelegate.swift */,
				ACE94C6C2B87BB6A0098183D /* SceneDelegate.swift */,
			);
			path = Application;
			sourceTree = "<group>";
		};
		ACE94C832B87BC6D0098183D /* Modules */ = {
			isa = PBXGroup;
			children = (
				ACE94C842B87BC730098183D /* CharacterList */,
				ACE94CAE2B87CA930098183D /* Splash */,
			);
			path = Modules;
			sourceTree = "<group>";
		};
		ACE94C842B87BC730098183D /* CharacterList */ = {
			isa = PBXGroup;
			children = (
				AC61B5CA2B89F96000F23181 /* Model */,
				AC61B5F32B8A238D00F23181 /* Service */,
				AC61B5CB2B89F96B00F23181 /* ViewModel */,
				AC61B5CC2B89F97100F23181 /* View */,
			);
			path = CharacterList;
			sourceTree = "<group>";
		};
		ACE94C862B87BC810098183D /* ViewController */ = {
			isa = PBXGroup;
			children = (
				ACE94C922B87BE9A0098183D /* CharacterListVC.swift */,
				AC61B5DD2B8A03DD00F23181 /* CharacterListVC.xib */,
			);
			path = ViewController;
			sourceTree = "<group>";
		};
		ACE94C892B87BCAE0098183D /* Core */ = {
			isa = PBXGroup;
			children = (
				ACB376702B89F31B009744C5 /* Marvel */,
				ACE94C942B87C4460098183D /* Network */,
				AC61B5EA2B8A1E2800F23181 /* Protocol */,
				AC61B5CF2B89FA6500F23181 /* Coordinator */,
				AC61B5D42B89FD0100F23181 /* Extension */,
				ACE94C972B87C52F0098183D /* Environment */,
			);
			path = Core;
			sourceTree = "<group>";
		};
		ACE94C942B87C4460098183D /* Network */ = {
			isa = PBXGroup;
			children = (
				ACE94C9E2B87C62C0098183D /* API.swift */,
				AC61B5F12B8A20E400F23181 /* NetworkManager.swift */,
				ACE94C952B87C4540098183D /* EndPoint.swift */,
				ACE94C9A2B87C5A30098183D /* BaseURL.swift */,
				AC61B5E32B8A0B2000F23181 /* ParameterKeys.swift */,
			);
			path = Network;
			sourceTree = "<group>";
		};
		ACE94C972B87C52F0098183D /* Environment */ = {
			isa = PBXGroup;
			children = (
				ACE94C982B87C5380098183D /* Environment.swift */,
			);
			path = Environment;
			sourceTree = "<group>";
		};
		ACE94CAE2B87CA930098183D /* Splash */ = {
			isa = PBXGroup;
			children = (
				ACE94CB52B87CB970098183D /* ViewModel */,
				ACE94CB22B87CADA0098183D /* View */,
			);
			path = Splash;
			sourceTree = "<group>";
		};
		ACE94CB22B87CADA0098183D /* View */ = {
			isa = PBXGroup;
			children = (
				ACE94CB32B87CAE30098183D /* SplashVC.swift */,
				AC61B5DB2B8A02C900F23181 /* SplashVC.xib */,
			);
			path = View;
			sourceTree = "<group>";
		};
		ACE94CB52B87CB970098183D /* ViewModel */ = {
			isa = PBXGroup;
			children = (
				ACE94CB62B87CB9F0098183D /* SplashViewModel.swift */,
			);
			path = ViewModel;
			sourceTree = "<group>";
		};
		ACE94CB82B87CBE30098183D /* LottieFiles */ = {
			isa = PBXGroup;
			children = (
				ACE94CBD2B87D2F20098183D /* Animation.json */,
			);
			path = LottieFiles;
			sourceTree = "<group>";
		};
/* End PBXGroup section */

/* Begin PBXNativeTarget section */
		ACE94C662B87BB6A0098183D /* MarvelHeros */ = {
			isa = PBXNativeTarget;
			buildConfigurationList = ACE94C7B2B87BB6B0098183D /* Build configuration list for PBXNativeTarget "MarvelHeros" */;
			buildPhases = (
				ACE94C632B87BB6A0098183D /* Sources */,
				ACE94C642B87BB6A0098183D /* Frameworks */,
				ACE94C652B87BB6A0098183D /* Resources */,
			);
			buildRules = (
			);
			dependencies = (
			);
			name = MarvelHeros;
			packageProductDependencies = (
				ACE94CA12B87C6990098183D /* RxBlocking */,
				ACE94CA32B87C6990098183D /* RxBlocking-Dynamic */,
				ACE94CA52B87C6990098183D /* RxCocoa */,
				ACE94CA72B87C6990098183D /* RxCocoa-Dynamic */,
				ACE94CA92B87C6990098183D /* RxRelay */,
				ACE94CAC2B87CA1D0098183D /* Lottie */,
				ACB376742B89F60B009744C5 /* SDWebImage */,
				ACB376762B89F60B009744C5 /* SDWebImageMapKit */,
				AC61B5E62B8A1DED00F23181 /* Alamofire */,
				AC61B5EF2B8A1F9100F23181 /* RxAlamofire */,
			);
			productName = MarvelHeros;
			productReference = ACE94C672B87BB6A0098183D /* MarvelHeros.app */;
			productType = "com.apple.product-type.application";
		};
/* End PBXNativeTarget section */

/* Begin PBXProject section */
		ACE94C5F2B87BB6A0098183D /* Project object */ = {
			isa = PBXProject;
			attributes = {
				BuildIndependentTargetsInParallel = 1;
				LastSwiftUpdateCheck = 1520;
				LastUpgradeCheck = 1520;
				TargetAttributes = {
					ACE94C662B87BB6A0098183D = {
						CreatedOnToolsVersion = 15.2;
					};
				};
			};
			buildConfigurationList = ACE94C622B87BB6A0098183D /* Build configuration list for PBXProject "MarvelHeros" */;
			compatibilityVersion = "Xcode 14.0";
			developmentRegion = en;
			hasScannedForEncodings = 0;
			knownRegions = (
				en,
				Base,
			);
			mainGroup = ACE94C5E2B87BB6A0098183D;
			packageReferences = (
				ACE94CA02B87C6990098183D /* XCRemoteSwiftPackageReference "RxSwift" */,
				ACE94CAB2B87CA1D0098183D /* XCRemoteSwiftPackageReference "lottie-spm" */,
				ACB376732B89F60B009744C5 /* XCRemoteSwiftPackageReference "SDWebImage" */,
				AC61B5E52B8A1DED00F23181 /* XCRemoteSwiftPackageReference "Alamofire" */,
				AC61B5EE2B8A1F9100F23181 /* XCRemoteSwiftPackageReference "RxAlamofire" */,
			);
			productRefGroup = ACE94C682B87BB6A0098183D /* Products */;
			projectDirPath = "";
			projectRoot = "";
			targets = (
				ACE94C662B87BB6A0098183D /* MarvelHeros */,
			);
		};
/* End PBXProject section */

/* Begin PBXResourcesBuildPhase section */
		ACE94C652B87BB6A0098183D /* Resources */ = {
			isa = PBXResourcesBuildPhase;
			buildActionMask = 2147483647;
			files = (
				ACE94C772B87BB6B0098183D /* LaunchScreen.storyboard in Resources */,
				ACE94CBE2B87D2F20098183D /* Animation.json in Resources */,
				AC61B5DC2B8A02C900F23181 /* SplashVC.xib in Resources */,
				AC61B5DE2B8A03DD00F23181 /* CharacterListVC.xib in Resources */,
				ACB3766F2B89EBD3009744C5 /* CharacterTableViewCell.xib in Resources */,
				ACE94C742B87BB6B0098183D /* Assets.xcassets in Resources */,
			);
			runOnlyForDeploymentPostprocessing = 0;
		};
/* End PBXResourcesBuildPhase section */

/* Begin PBXSourcesBuildPhase section */
		ACE94C632B87BB6A0098183D /* Sources */ = {
			isa = PBXSourcesBuildPhase;
			buildActionMask = 2147483647;
			files = (
				AC61B5F22B8A20E400F23181 /* NetworkManager.swift in Sources */,
				ACB3766E2B89EBD3009744C5 /* CharacterTableViewCell.swift in Sources */,
				ACE94C962B87C4540098183D /* EndPoint.swift in Sources */,
				ACB376722B89F323009744C5 /* Marvel.swift in Sources */,
				AC61B5F72B8A24D200F23181 /* Thumbnail.swift in Sources */,
				ACE94CB42B87CAE30098183D /* SplashVC.swift in Sources */,
				AC61B5E02B8A078500F23181 /* RXViewController.swift in Sources */,
				AC61B5D62B89FD2000F23181 /* UIApplication+EXT.swift in Sources */,
				AC61B5F52B8A239B00F23181 /* CharacterListService.swift in Sources */,
				AC61B5EC2B8A1E3800F23181 /* HTTPClient.swift in Sources */,
				ACE94C6B2B87BB6A0098183D /* AppDelegate.swift in Sources */,
				AC61B5FE2B8A32DE00F23181 /* Batch.swift in Sources */,
				ACB376792B89F719009744C5 /* Character.swift in Sources */,
				AC61B5D12B89FA7500F23181 /* Coordinator.swift in Sources */,
				ACE94CB72B87CB9F0098183D /* SplashViewModel.swift in Sources */,
				ACE94C992B87C5380098183D /* Environment.swift in Sources */,
				AC61B5E42B8A0B2000F23181 /* ParameterKeys.swift in Sources */,
				ACE94C6D2B87BB6A0098183D /* SceneDelegate.swift in Sources */,
				ACB3766A2B89EA8C009744C5 /* MarvelNavigationController.swift in Sources */,
				ACE94C932B87BE9A0098183D /* CharacterListVC.swift in Sources */,
				AC61B5CE2B89F99E00F23181 /* CharacterListViewModel.swift in Sources */,
				AC61B5D32B89FA8A00F23181 /* AppCoordinator.swift in Sources */,
				ACE94C9B2B87C5A30098183D /* BaseURL.swift in Sources */,
				AC61B5E22B8A099F00F23181 /* String+EXT.swift in Sources */,
				ACE94C9F2B87C62C0098183D /* API.swift in Sources */,
			);
			runOnlyForDeploymentPostprocessing = 0;
		};
/* End PBXSourcesBuildPhase section */

/* Begin PBXVariantGroup section */
		ACE94C752B87BB6B0098183D /* LaunchScreen.storyboard */ = {
			isa = PBXVariantGroup;
			children = (
				ACE94C762B87BB6B0098183D /* Base */,
			);
			name = LaunchScreen.storyboard;
			sourceTree = "<group>";
		};
/* End PBXVariantGroup section */

/* Begin XCBuildConfiguration section */
		ACE94C792B87BB6B0098183D /* Debug */ = {
			isa = XCBuildConfiguration;
			buildSettings = {
				ALWAYS_SEARCH_USER_PATHS = NO;
				ASSETCATALOG_COMPILER_GENERATE_SWIFT_ASSET_SYMBOL_EXTENSIONS = YES;
				CLANG_ANALYZER_NONNULL = YES;
				CLANG_ANALYZER_NUMBER_OBJECT_CONVERSION = YES_AGGRESSIVE;
				CLANG_CXX_LANGUAGE_STANDARD = "gnu++20";
				CLANG_ENABLE_MODULES = YES;
				CLANG_ENABLE_OBJC_ARC = YES;
				CLANG_ENABLE_OBJC_WEAK = YES;
				CLANG_WARN_BLOCK_CAPTURE_AUTORELEASING = YES;
				CLANG_WARN_BOOL_CONVERSION = YES;
				CLANG_WARN_COMMA = YES;
				CLANG_WARN_CONSTANT_CONVERSION = YES;
				CLANG_WARN_DEPRECATED_OBJC_IMPLEMENTATIONS = YES;
				CLANG_WARN_DIRECT_OBJC_ISA_USAGE = YES_ERROR;
				CLANG_WARN_DOCUMENTATION_COMMENTS = YES;
				CLANG_WARN_EMPTY_BODY = YES;
				CLANG_WARN_ENUM_CONVERSION = YES;
				CLANG_WARN_INFINITE_RECURSION = YES;
				CLANG_WARN_INT_CONVERSION = YES;
				CLANG_WARN_NON_LITERAL_NULL_CONVERSION = YES;
				CLANG_WARN_OBJC_IMPLICIT_RETAIN_SELF = YES;
				CLANG_WARN_OBJC_LITERAL_CONVERSION = YES;
				CLANG_WARN_OBJC_ROOT_CLASS = YES_ERROR;
				CLANG_WARN_QUOTED_INCLUDE_IN_FRAMEWORK_HEADER = YES;
				CLANG_WARN_RANGE_LOOP_ANALYSIS = YES;
				CLANG_WARN_STRICT_PROTOTYPES = YES;
				CLANG_WARN_SUSPICIOUS_MOVE = YES;
				CLANG_WARN_UNGUARDED_AVAILABILITY = YES_AGGRESSIVE;
				CLANG_WARN_UNREACHABLE_CODE = YES;
				CLANG_WARN__DUPLICATE_METHOD_MATCH = YES;
				COPY_PHASE_STRIP = NO;
				DEBUG_INFORMATION_FORMAT = dwarf;
				ENABLE_STRICT_OBJC_MSGSEND = YES;
				ENABLE_TESTABILITY = YES;
				ENABLE_USER_SCRIPT_SANDBOXING = YES;
				GCC_C_LANGUAGE_STANDARD = gnu17;
				GCC_DYNAMIC_NO_PIC = NO;
				GCC_NO_COMMON_BLOCKS = YES;
				GCC_OPTIMIZATION_LEVEL = 0;
				GCC_PREPROCESSOR_DEFINITIONS = (
					"DEBUG=1",
					"$(inherited)",
				);
				GCC_WARN_64_TO_32_BIT_CONVERSION = YES;
				GCC_WARN_ABOUT_RETURN_TYPE = YES_ERROR;
				GCC_WARN_UNDECLARED_SELECTOR = YES;
				GCC_WARN_UNINITIALIZED_AUTOS = YES_AGGRESSIVE;
				GCC_WARN_UNUSED_FUNCTION = YES;
				GCC_WARN_UNUSED_VARIABLE = YES;
				IPHONEOS_DEPLOYMENT_TARGET = 15.0;
				LOCALIZATION_PREFERS_STRING_CATALOGS = YES;
				MTL_ENABLE_DEBUG_INFO = INCLUDE_SOURCE;
				MTL_FAST_MATH = YES;
				ONLY_ACTIVE_ARCH = YES;
				SDKROOT = iphoneos;
				SWIFT_ACTIVE_COMPILATION_CONDITIONS = "DEBUG $(inherited)";
				SWIFT_OPTIMIZATION_LEVEL = "-Onone";
			};
			name = Debug;
		};
		ACE94C7A2B87BB6B0098183D /* Release */ = {
			isa = XCBuildConfiguration;
			buildSettings = {
				ALWAYS_SEARCH_USER_PATHS = NO;
				ASSETCATALOG_COMPILER_GENERATE_SWIFT_ASSET_SYMBOL_EXTENSIONS = YES;
				CLANG_ANALYZER_NONNULL = YES;
				CLANG_ANALYZER_NUMBER_OBJECT_CONVERSION = YES_AGGRESSIVE;
				CLANG_CXX_LANGUAGE_STANDARD = "gnu++20";
				CLANG_ENABLE_MODULES = YES;
				CLANG_ENABLE_OBJC_ARC = YES;
				CLANG_ENABLE_OBJC_WEAK = YES;
				CLANG_WARN_BLOCK_CAPTURE_AUTORELEASING = YES;
				CLANG_WARN_BOOL_CONVERSION = YES;
				CLANG_WARN_COMMA = YES;
				CLANG_WARN_CONSTANT_CONVERSION = YES;
				CLANG_WARN_DEPRECATED_OBJC_IMPLEMENTATIONS = YES;
				CLANG_WARN_DIRECT_OBJC_ISA_USAGE = YES_ERROR;
				CLANG_WARN_DOCUMENTATION_COMMENTS = YES;
				CLANG_WARN_EMPTY_BODY = YES;
				CLANG_WARN_ENUM_CONVERSION = YES;
				CLANG_WARN_INFINITE_RECURSION = YES;
				CLANG_WARN_INT_CONVERSION = YES;
				CLANG_WARN_NON_LITERAL_NULL_CONVERSION = YES;
				CLANG_WARN_OBJC_IMPLICIT_RETAIN_SELF = YES;
				CLANG_WARN_OBJC_LITERAL_CONVERSION = YES;
				CLANG_WARN_OBJC_ROOT_CLASS = YES_ERROR;
				CLANG_WARN_QUOTED_INCLUDE_IN_FRAMEWORK_HEADER = YES;
				CLANG_WARN_RANGE_LOOP_ANALYSIS = YES;
				CLANG_WARN_STRICT_PROTOTYPES = YES;
				CLANG_WARN_SUSPICIOUS_MOVE = YES;
				CLANG_WARN_UNGUARDED_AVAILABILITY = YES_AGGRESSIVE;
				CLANG_WARN_UNREACHABLE_CODE = YES;
				CLANG_WARN__DUPLICATE_METHOD_MATCH = YES;
				COPY_PHASE_STRIP = NO;
				DEBUG_INFORMATION_FORMAT = "dwarf-with-dsym";
				ENABLE_NS_ASSERTIONS = NO;
				ENABLE_STRICT_OBJC_MSGSEND = YES;
				ENABLE_USER_SCRIPT_SANDBOXING = YES;
				GCC_C_LANGUAGE_STANDARD = gnu17;
				GCC_NO_COMMON_BLOCKS = YES;
				GCC_WARN_64_TO_32_BIT_CONVERSION = YES;
				GCC_WARN_ABOUT_RETURN_TYPE = YES_ERROR;
				GCC_WARN_UNDECLARED_SELECTOR = YES;
				GCC_WARN_UNINITIALIZED_AUTOS = YES_AGGRESSIVE;
				GCC_WARN_UNUSED_FUNCTION = YES;
				GCC_WARN_UNUSED_VARIABLE = YES;
				IPHONEOS_DEPLOYMENT_TARGET = 15.0;
				LOCALIZATION_PREFERS_STRING_CATALOGS = YES;
				MTL_ENABLE_DEBUG_INFO = NO;
				MTL_FAST_MATH = YES;
				SDKROOT = iphoneos;
				SWIFT_COMPILATION_MODE = wholemodule;
				VALIDATE_PRODUCT = YES;
			};
			name = Release;
		};
		ACE94C7C2B87BB6B0098183D /* Debug */ = {
			isa = XCBuildConfiguration;
			buildSettings = {
				ASSETCATALOG_COMPILER_APPICON_NAME = AppIcon;
				ASSETCATALOG_COMPILER_GLOBAL_ACCENT_COLOR_NAME = AccentColor;
				CODE_SIGN_STYLE = Automatic;
				CURRENT_PROJECT_VERSION = 1;
				DEVELOPMENT_TEAM = M4SYRBQBFW;
				GENERATE_INFOPLIST_FILE = YES;
				INFOPLIST_FILE = MarvelHeros/Resources/Info.plist;
				INFOPLIST_KEY_CFBundleDisplayName = "Marvel Heros";
				INFOPLIST_KEY_UIApplicationSupportsIndirectInputEvents = YES;
				INFOPLIST_KEY_UILaunchStoryboardName = LaunchScreen.storyboard;
				INFOPLIST_KEY_UISupportedInterfaceOrientations = UIInterfaceOrientationPortrait;
				IPHONEOS_DEPLOYMENT_TARGET = 15.0;
				LD_RUNPATH_SEARCH_PATHS = (
					"$(inherited)",
					"@executable_path/Frameworks",
				);
				MARKETING_VERSION = 1.0;
				PRODUCT_BUNDLE_IDENTIFIER = com.AhmedAmin.MarvelHeros;
				PRODUCT_NAME = "$(TARGET_NAME)";
				SUPPORTED_PLATFORMS = "iphoneos iphonesimulator";
				SUPPORTS_MACCATALYST = NO;
				SUPPORTS_MAC_DESIGNED_FOR_IPHONE_IPAD = NO;
				SUPPORTS_XR_DESIGNED_FOR_IPHONE_IPAD = NO;
				SWIFT_EMIT_LOC_STRINGS = YES;
				SWIFT_VERSION = 5.0;
				TARGETED_DEVICE_FAMILY = "1,2";
			};
			name = Debug;
		};
		ACE94C7D2B87BB6B0098183D /* Release */ = {
			isa = XCBuildConfiguration;
			buildSettings = {
				ASSETCATALOG_COMPILER_APPICON_NAME = AppIcon;
				ASSETCATALOG_COMPILER_GLOBAL_ACCENT_COLOR_NAME = AccentColor;
				CODE_SIGN_STYLE = Automatic;
				CURRENT_PROJECT_VERSION = 1;
				DEVELOPMENT_TEAM = M4SYRBQBFW;
				GENERATE_INFOPLIST_FILE = YES;
				INFOPLIST_FILE = MarvelHeros/Resources/Info.plist;
				INFOPLIST_KEY_CFBundleDisplayName = "Marvel Heros";
				INFOPLIST_KEY_UIApplicationSupportsIndirectInputEvents = YES;
				INFOPLIST_KEY_UILaunchStoryboardName = LaunchScreen.storyboard;
				INFOPLIST_KEY_UISupportedInterfaceOrientations = UIInterfaceOrientationPortrait;
				IPHONEOS_DEPLOYMENT_TARGET = 15.0;
				LD_RUNPATH_SEARCH_PATHS = (
					"$(inherited)",
					"@executable_path/Frameworks",
				);
				MARKETING_VERSION = 1.0;
				PRODUCT_BUNDLE_IDENTIFIER = com.AhmedAmin.MarvelHeros;
				PRODUCT_NAME = "$(TARGET_NAME)";
				SUPPORTED_PLATFORMS = "iphoneos iphonesimulator";
				SUPPORTS_MACCATALYST = NO;
				SUPPORTS_MAC_DESIGNED_FOR_IPHONE_IPAD = NO;
				SUPPORTS_XR_DESIGNED_FOR_IPHONE_IPAD = NO;
				SWIFT_EMIT_LOC_STRINGS = YES;
				SWIFT_VERSION = 5.0;
				TARGETED_DEVICE_FAMILY = "1,2";
			};
			name = Release;
		};
/* End XCBuildConfiguration section */

/* Begin XCConfigurationList section */
		ACE94C622B87BB6A0098183D /* Build configuration list for PBXProject "MarvelHeros" */ = {
			isa = XCConfigurationList;
			buildConfigurations = (
				ACE94C792B87BB6B0098183D /* Debug */,
				ACE94C7A2B87BB6B0098183D /* Release */,
			);
			defaultConfigurationIsVisible = 0;
			defaultConfigurationName = Release;
		};
		ACE94C7B2B87BB6B0098183D /* Build configuration list for PBXNativeTarget "MarvelHeros" */ = {
			isa = XCConfigurationList;
			buildConfigurations = (
				ACE94C7C2B87BB6B0098183D /* Debug */,
				ACE94C7D2B87BB6B0098183D /* Release */,
			);
			defaultConfigurationIsVisible = 0;
			defaultConfigurationName = Release;
		};
/* End XCConfigurationList section */

/* Begin XCRemoteSwiftPackageReference section */
		AC61B5E52B8A1DED00F23181 /* XCRemoteSwiftPackageReference "Alamofire" */ = {
			isa = XCRemoteSwiftPackageReference;
			repositoryURL = "https://github.com/Alamofire/Alamofire.git";
			requirement = {
				kind = upToNextMajorVersion;
				minimumVersion = 5.8.1;
			};
		};
		AC61B5EE2B8A1F9100F23181 /* XCRemoteSwiftPackageReference "RxAlamofire" */ = {
			isa = XCRemoteSwiftPackageReference;
			repositoryURL = "https://github.com/RxSwiftCommunity/RxAlamofire.git";
			requirement = {
				kind = exactVersion;
				version = 6.1.0;
			};
		};
		ACB376732B89F60B009744C5 /* XCRemoteSwiftPackageReference "SDWebImage" */ = {
			isa = XCRemoteSwiftPackageReference;
			repositoryURL = "https://github.com/SDWebImage/SDWebImage.git";
			requirement = {
				kind = upToNextMajorVersion;
				minimumVersion = 5.19.0;
			};
		};
		ACE94CA02B87C6990098183D /* XCRemoteSwiftPackageReference "RxSwift" */ = {
			isa = XCRemoteSwiftPackageReference;
			repositoryURL = "https://github.com/ReactiveX/RxSwift.git";
			requirement = {
				kind = upToNextMajorVersion;
				minimumVersion = 6.6.0;
			};
		};
		ACE94CAB2B87CA1D0098183D /* XCRemoteSwiftPackageReference "lottie-spm" */ = {
			isa = XCRemoteSwiftPackageReference;
			repositoryURL = "https://github.com/airbnb/lottie-spm.git";
			requirement = {
				kind = upToNextMajorVersion;
				minimumVersion = 4.4.1;
			};
		};
/* End XCRemoteSwiftPackageReference section */

/* Begin XCSwiftPackageProductDependency section */
		AC61B5E62B8A1DED00F23181 /* Alamofire */ = {
			isa = XCSwiftPackageProductDependency;
			package = AC61B5E52B8A1DED00F23181 /* XCRemoteSwiftPackageReference "Alamofire" */;
			productName = Alamofire;
		};
		AC61B5EF2B8A1F9100F23181 /* RxAlamofire */ = {
			isa = XCSwiftPackageProductDependency;
			package = AC61B5EE2B8A1F9100F23181 /* XCRemoteSwiftPackageReference "RxAlamofire" */;
			productName = RxAlamofire;
		};
		ACB376742B89F60B009744C5 /* SDWebImage */ = {
			isa = XCSwiftPackageProductDependency;
			package = ACB376732B89F60B009744C5 /* XCRemoteSwiftPackageReference "SDWebImage" */;
			productName = SDWebImage;
		};
		ACB376762B89F60B009744C5 /* SDWebImageMapKit */ = {
			isa = XCSwiftPackageProductDependency;
			package = ACB376732B89F60B009744C5 /* XCRemoteSwiftPackageReference "SDWebImage" */;
			productName = SDWebImageMapKit;
		};
		ACE94CA12B87C6990098183D /* RxBlocking */ = {
			isa = XCSwiftPackageProductDependency;
			package = ACE94CA02B87C6990098183D /* XCRemoteSwiftPackageReference "RxSwift" */;
			productName = RxBlocking;
		};
		ACE94CA32B87C6990098183D /* RxBlocking-Dynamic */ = {
			isa = XCSwiftPackageProductDependency;
			package = ACE94CA02B87C6990098183D /* XCRemoteSwiftPackageReference "RxSwift" */;
			productName = "RxBlocking-Dynamic";
		};
		ACE94CA52B87C6990098183D /* RxCocoa */ = {
			isa = XCSwiftPackageProductDependency;
			package = ACE94CA02B87C6990098183D /* XCRemoteSwiftPackageReference "RxSwift" */;
			productName = RxCocoa;
		};
		ACE94CA72B87C6990098183D /* RxCocoa-Dynamic */ = {
			isa = XCSwiftPackageProductDependency;
			package = ACE94CA02B87C6990098183D /* XCRemoteSwiftPackageReference "RxSwift" */;
			productName = "RxCocoa-Dynamic";
		};
		ACE94CA92B87C6990098183D /* RxRelay */ = {
			isa = XCSwiftPackageProductDependency;
			package = ACE94CA02B87C6990098183D /* XCRemoteSwiftPackageReference "RxSwift" */;
			productName = RxRelay;
		};
		ACE94CAC2B87CA1D0098183D /* Lottie */ = {
			isa = XCSwiftPackageProductDependency;
			package = ACE94CAB2B87CA1D0098183D /* XCRemoteSwiftPackageReference "lottie-spm" */;
			productName = Lottie;
		};
/* End XCSwiftPackageProductDependency section */
	};
	rootObject = ACE94C5F2B87BB6A0098183D /* Project object */;
}
