// !$*UTF8*$!
{
	archiveVersion = 1;
	classes = {
	};
	objectVersion = 56;
	objects = {

/* Begin PBXBuildFile section */
		ACE94C6B2B87BB6A0098183D /* AppDelegate.swift in Sources */ = {isa = PBXBuildFile; fileRef = ACE94C6A2B87BB6A0098183D /* AppDelegate.swift */; };
		ACE94C6D2B87BB6A0098183D /* SceneDelegate.swift in Sources */ = {isa = PBXBuildFile; fileRef = ACE94C6C2B87BB6A0098183D /* SceneDelegate.swift */; };
		ACE94C742B87BB6B0098183D /* Assets.xcassets in Resources */ = {isa = PBXBuildFile; fileRef = ACE94C732B87BB6B0098183D /* Assets.xcassets */; };
		ACE94C772B87BB6B0098183D /* LaunchScreen.storyboard in Resources */ = {isa = PBXBuildFile; fileRef = ACE94C752B87BB6B0098183D /* LaunchScreen.storyboard */; };
		ACE94C882B87BC900098183D /* CharacterList.storyboard in Resources */ = {isa = PBXBuildFile; fileRef = ACE94C872B87BC900098183D /* CharacterList.storyboard */; };
		ACE94C8E2B87BCE60098183D /* Storyboard.swift in Sources */ = {isa = PBXBuildFile; fileRef = ACE94C8D2B87BCE60098183D /* Storyboard.swift */; };
		ACE94C912B87BD100098183D /* StoryboardMakeable.swift in Sources */ = {isa = PBXBuildFile; fileRef = ACE94C902B87BD100098183D /* StoryboardMakeable.swift */; };
		ACE94C932B87BE9A0098183D /* CharacterListVC.swift in Sources */ = {isa = PBXBuildFile; fileRef = ACE94C922B87BE9A0098183D /* CharacterListVC.swift */; };
		ACE94C962B87C4540098183D /* EndPoint.swift in Sources */ = {isa = PBXBuildFile; fileRef = ACE94C952B87C4540098183D /* EndPoint.swift */; };
		ACE94C992B87C5380098183D /* Environment.swift in Sources */ = {isa = PBXBuildFile; fileRef = ACE94C982B87C5380098183D /* Environment.swift */; };
		ACE94C9B2B87C5A30098183D /* BaseURL.swift in Sources */ = {isa = PBXBuildFile; fileRef = ACE94C9A2B87C5A30098183D /* BaseURL.swift */; };
		ACE94C9F2B87C62C0098183D /* API.swift in Sources */ = {isa = PBXBuildFile; fileRef = ACE94C9E2B87C62C0098183D /* API.swift */; };
		ACE94CA22B87C6990098183D /* RxBlocking in Frameworks */ = {isa = PBXBuildFile; productRef = ACE94CA12B87C6990098183D /* RxBlocking */; };
		ACE94CA42B87C6990098183D /* RxBlocking-Dynamic in Frameworks */ = {isa = PBXBuildFile; productRef = ACE94CA32B87C6990098183D /* RxBlocking-Dynamic */; };
		ACE94CA62B87C6990098183D /* RxCocoa in Frameworks */ = {isa = PBXBuildFile; productRef = ACE94CA52B87C6990098183D /* RxCocoa */; };
		ACE94CA82B87C6990098183D /* RxCocoa-Dynamic in Frameworks */ = {isa = PBXBuildFile; productRef = ACE94CA72B87C6990098183D /* RxCocoa-Dynamic */; };
		ACE94CAA2B87C6990098183D /* RxRelay in Frameworks */ = {isa = PBXBuildFile; productRef = ACE94CA92B87C6990098183D /* RxRelay */; };
/* End PBXBuildFile section */

/* Begin PBXFileReference section */
		ACE94C672B87BB6A0098183D /* MarvelHeros.app */ = {isa = PBXFileReference; explicitFileType = wrapper.application; includeInIndex = 0; path = MarvelHeros.app; sourceTree = BUILT_PRODUCTS_DIR; };
		ACE94C6A2B87BB6A0098183D /* AppDelegate.swift */ = {isa = PBXFileReference; lastKnownFileType = sourcecode.swift; path = AppDelegate.swift; sourceTree = "<group>"; };
		ACE94C6C2B87BB6A0098183D /* SceneDelegate.swift */ = {isa = PBXFileReference; lastKnownFileType = sourcecode.swift; path = SceneDelegate.swift; sourceTree = "<group>"; };
		ACE94C732B87BB6B0098183D /* Assets.xcassets */ = {isa = PBXFileReference; lastKnownFileType = folder.assetcatalog; path = Assets.xcassets; sourceTree = "<group>"; };
		ACE94C762B87BB6B0098183D /* Base */ = {isa = PBXFileReference; lastKnownFileType = file.storyboard; name = Base; path = Base.lproj/LaunchScreen.storyboard; sourceTree = "<group>"; };
		ACE94C782B87BB6B0098183D /* Info.plist */ = {isa = PBXFileReference; lastKnownFileType = text.plist.xml; path = Info.plist; sourceTree = "<group>"; };
		ACE94C872B87BC900098183D /* CharacterList.storyboard */ = {isa = PBXFileReference; lastKnownFileType = file.storyboard; path = CharacterList.storyboard; sourceTree = "<group>"; };
		ACE94C8D2B87BCE60098183D /* Storyboard.swift */ = {isa = PBXFileReference; lastKnownFileType = sourcecode.swift; path = Storyboard.swift; sourceTree = "<group>"; };
		ACE94C902B87BD100098183D /* StoryboardMakeable.swift */ = {isa = PBXFileReference; lastKnownFileType = sourcecode.swift; path = StoryboardMakeable.swift; sourceTree = "<group>"; };
		ACE94C922B87BE9A0098183D /* CharacterListVC.swift */ = {isa = PBXFileReference; lastKnownFileType = sourcecode.swift; path = CharacterListVC.swift; sourceTree = "<group>"; };
		ACE94C952B87C4540098183D /* EndPoint.swift */ = {isa = PBXFileReference; lastKnownFileType = sourcecode.swift; path = EndPoint.swift; sourceTree = "<group>"; };
		ACE94C982B87C5380098183D /* Environment.swift */ = {isa = PBXFileReference; lastKnownFileType = sourcecode.swift; path = Environment.swift; sourceTree = "<group>"; };
		ACE94C9A2B87C5A30098183D /* BaseURL.swift */ = {isa = PBXFileReference; lastKnownFileType = sourcecode.swift; path = BaseURL.swift; sourceTree = "<group>"; };
		ACE94C9E2B87C62C0098183D /* API.swift */ = {isa = PBXFileReference; lastKnownFileType = sourcecode.swift; path = API.swift; sourceTree = "<group>"; };
/* End PBXFileReference section */

/* Begin PBXFrameworksBuildPhase section */
		ACE94C642B87BB6A0098183D /* Frameworks */ = {
			isa = PBXFrameworksBuildPhase;
			buildActionMask = 2147483647;
			files = (
				ACE94CAA2B87C6990098183D /* RxRelay in Frameworks */,
				ACE94CA82B87C6990098183D /* RxCocoa-Dynamic in Frameworks */,
				ACE94CA62B87C6990098183D /* RxCocoa in Frameworks */,
				ACE94CA22B87C6990098183D /* RxBlocking in Frameworks */,
				ACE94CA42B87C6990098183D /* RxBlocking-Dynamic in Frameworks */,
			);
			runOnlyForDeploymentPostprocessing = 0;
		};
/* End PBXFrameworksBuildPhase section */

/* Begin PBXGroup section */
		ACE94C5E2B87BB6A0098183D = {
			isa = PBXGroup;
			children = (
				ACE94C692B87BB6A0098183D /* MarvelHeros */,
				ACE94C682B87BB6A0098183D /* Products */,
			);
			sourceTree = "<group>";
		};
		ACE94C682B87BB6A0098183D /* Products */ = {
			isa = PBXGroup;
			children = (
				ACE94C672B87BB6A0098183D /* MarvelHeros.app */,
			);
			name = Products;
			sourceTree = "<group>";
		};
		ACE94C692B87BB6A0098183D /* MarvelHeros */ = {
			isa = PBXGroup;
			children = (
				ACE94C822B87BBCD0098183D /* Application */,
				ACE94C892B87BCAE0098183D /* Core */,
				ACE94C832B87BC6D0098183D /* Modules */,
				ACE94C7F2B87BB960098183D /* SupportedFiles */,
				ACE94C7E2B87BB910098183D /* Resources */,
			);
			path = MarvelHeros;
			sourceTree = "<group>";
		};
		ACE94C7E2B87BB910098183D /* Resources */ = {
			isa = PBXGroup;
			children = (
				ACE94C782B87BB6B0098183D /* Info.plist */,
			);
			path = Resources;
			sourceTree = "<group>";
		};
		ACE94C7F2B87BB960098183D /* SupportedFiles */ = {
			isa = PBXGroup;
			children = (
				ACE94C802B87BB9D0098183D /* Assets */,
				ACE94C812B87BBA20098183D /* LaunchScreen */,
			);
			path = SupportedFiles;
			sourceTree = "<group>";
		};
		ACE94C802B87BB9D0098183D /* Assets */ = {
			isa = PBXGroup;
			children = (
				ACE94C732B87BB6B0098183D /* Assets.xcassets */,
			);
			path = Assets;
			sourceTree = "<group>";
		};
		ACE94C812B87BBA20098183D /* LaunchScreen */ = {
			isa = PBXGroup;
			children = (
				ACE94C752B87BB6B0098183D /* LaunchScreen.storyboard */,
			);
			path = LaunchScreen;
			sourceTree = "<group>";
		};
		ACE94C822B87BBCD0098183D /* Application */ = {
			isa = PBXGroup;
			children = (
				ACE94C6A2B87BB6A0098183D /* AppDelegate.swift */,
				ACE94C6C2B87BB6A0098183D /* SceneDelegate.swift */,
			);
			path = Application;
			sourceTree = "<group>";
		};
		ACE94C832B87BC6D0098183D /* Modules */ = {
			isa = PBXGroup;
			children = (
				ACE94C842B87BC730098183D /* CharacterList */,
			);
			path = Modules;
			sourceTree = "<group>";
		};
		ACE94C842B87BC730098183D /* CharacterList */ = {
			isa = PBXGroup;
			children = (
				ACE94C862B87BC810098183D /* ViewController */,
				ACE94C852B87BC7C0098183D /* Storyboard */,
			);
			path = CharacterList;
			sourceTree = "<group>";
		};
		ACE94C852B87BC7C0098183D /* Storyboard */ = {
			isa = PBXGroup;
			children = (
				ACE94C872B87BC900098183D /* CharacterList.storyboard */,
			);
			path = Storyboard;
			sourceTree = "<group>";
		};
		ACE94C862B87BC810098183D /* ViewController */ = {
			isa = PBXGroup;
			children = (
				ACE94C922B87BE9A0098183D /* CharacterListVC.swift */,
			);
			path = ViewController;
			sourceTree = "<group>";
		};
		ACE94C892B87BCAE0098183D /* Core */ = {
			isa = PBXGroup;
			children = (
				ACE94C942B87C4460098183D /* Network */,
				ACE94C8C2B87BCD30098183D /* Storyboard */,
				ACE94C972B87C52F0098183D /* Environment */,
			);
			path = Core;
			sourceTree = "<group>";
		};
		ACE94C8C2B87BCD30098183D /* Storyboard */ = {
			isa = PBXGroup;
			children = (
				ACE94C8D2B87BCE60098183D /* Storyboard.swift */,
				ACE94C902B87BD100098183D /* StoryboardMakeable.swift */,
			);
			path = Storyboard;
			sourceTree = "<group>";
		};
		ACE94C942B87C4460098183D /* Network */ = {
			isa = PBXGroup;
			children = (
				ACE94C9E2B87C62C0098183D /* API.swift */,
				ACE94C952B87C4540098183D /* EndPoint.swift */,
				ACE94C9A2B87C5A30098183D /* BaseURL.swift */,
			);
			path = Network;
			sourceTree = "<group>";
		};
		ACE94C972B87C52F0098183D /* Environment */ = {
			isa = PBXGroup;
			children = (
				ACE94C982B87C5380098183D /* Environment.swift */,
			);
			path = Environment;
			sourceTree = "<group>";
		};
/* End PBXGroup section */

/* Begin PBXNativeTarget section */
		ACE94C662B87BB6A0098183D /* MarvelHeros */ = {
			isa = PBXNativeTarget;
			buildConfigurationList = ACE94C7B2B87BB6B0098183D /* Build configuration list for PBXNativeTarget "MarvelHeros" */;
			buildPhases = (
				ACE94C632B87BB6A0098183D /* Sources */,
				ACE94C642B87BB6A0098183D /* Frameworks */,
				ACE94C652B87BB6A0098183D /* Resources */,
			);
			buildRules = (
			);
			dependencies = (
			);
			name = MarvelHeros;
			packageProductDependencies = (
				ACE94CA12B87C6990098183D /* RxBlocking */,
				ACE94CA32B87C6990098183D /* RxBlocking-Dynamic */,
				ACE94CA52B87C6990098183D /* RxCocoa */,
				ACE94CA72B87C6990098183D /* RxCocoa-Dynamic */,
				ACE94CA92B87C6990098183D /* RxRelay */,
			);
			productName = MarvelHeros;
			productReference = ACE94C672B87BB6A0098183D /* MarvelHeros.app */;
			productType = "com.apple.product-type.application";
		};
/* End PBXNativeTarget section */

/* Begin PBXProject section */
		ACE94C5F2B87BB6A0098183D /* Project object */ = {
			isa = PBXProject;
			attributes = {
				BuildIndependentTargetsInParallel = 1;
				LastSwiftUpdateCheck = 1520;
				LastUpgradeCheck = 1520;
				TargetAttributes = {
					ACE94C662B87BB6A0098183D = {
						CreatedOnToolsVersion = 15.2;
					};
				};
			};
			buildConfigurationList = ACE94C622B87BB6A0098183D /* Build configuration list for PBXProject "MarvelHeros" */;
			compatibilityVersion = "Xcode 14.0";
			developmentRegion = en;
			hasScannedForEncodings = 0;
			knownRegions = (
				en,
				Base,
			);
			mainGroup = ACE94C5E2B87BB6A0098183D;
			packageReferences = (
				ACE94CA02B87C6990098183D /* XCRemoteSwiftPackageReference "RxSwift" */,
			);
			productRefGroup = ACE94C682B87BB6A0098183D /* Products */;
			projectDirPath = "";
			projectRoot = "";
			targets = (
				ACE94C662B87BB6A0098183D /* MarvelHeros */,
			);
		};
/* End PBXProject section */

/* Begin PBXResourcesBuildPhase section */
		ACE94C652B87BB6A0098183D /* Resources */ = {
			isa = PBXResourcesBuildPhase;
			buildActionMask = 2147483647;
			files = (
				ACE94C772B87BB6B0098183D /* LaunchScreen.storyboard in Resources */,
				ACE94C882B87BC900098183D /* CharacterList.storyboard in Resources */,
				ACE94C742B87BB6B0098183D /* Assets.xcassets in Resources */,
			);
			runOnlyForDeploymentPostprocessing = 0;
		};
/* End PBXResourcesBuildPhase section */

/* Begin PBXSourcesBuildPhase section */
		ACE94C632B87BB6A0098183D /* Sources */ = {
			isa = PBXSourcesBuildPhase;
			buildActionMask = 2147483647;
			files = (
				ACE94C962B87C4540098183D /* EndPoint.swift in Sources */,
				ACE94C8E2B87BCE60098183D /* Storyboard.swift in Sources */,
				ACE94C6B2B87BB6A0098183D /* AppDelegate.swift in Sources */,
				ACE94C992B87C5380098183D /* Environment.swift in Sources */,
				ACE94C6D2B87BB6A0098183D /* SceneDelegate.swift in Sources */,
				ACE94C932B87BE9A0098183D /* CharacterListVC.swift in Sources */,
				ACE94C9B2B87C5A30098183D /* BaseURL.swift in Sources */,
				ACE94C9F2B87C62C0098183D /* API.swift in Sources */,
				ACE94C912B87BD100098183D /* StoryboardMakeable.swift in Sources */,
			);
			runOnlyForDeploymentPostprocessing = 0;
		};
/* End PBXSourcesBuildPhase section */

/* Begin PBXVariantGroup section */
		ACE94C752B87BB6B0098183D /* LaunchScreen.storyboard */ = {
			isa = PBXVariantGroup;
			children = (
				ACE94C762B87BB6B0098183D /* Base */,
			);
			name = LaunchScreen.storyboard;
			sourceTree = "<group>";
		};
/* End PBXVariantGroup section */

/* Begin XCBuildConfiguration section */
		ACE94C792B87BB6B0098183D /* Debug */ = {
			isa = XCBuildConfiguration;
			buildSettings = {
				ALWAYS_SEARCH_USER_PATHS = NO;
				ASSETCATALOG_COMPILER_GENERATE_SWIFT_ASSET_SYMBOL_EXTENSIONS = YES;
				CLANG_ANALYZER_NONNULL = YES;
				CLANG_ANALYZER_NUMBER_OBJECT_CONVERSION = YES_AGGRESSIVE;
				CLANG_CXX_LANGUAGE_STANDARD = "gnu++20";
				CLANG_ENABLE_MODULES = YES;
				CLANG_ENABLE_OBJC_ARC = YES;
				CLANG_ENABLE_OBJC_WEAK = YES;
				CLANG_WARN_BLOCK_CAPTURE_AUTORELEASING = YES;
				CLANG_WARN_BOOL_CONVERSION = YES;
				CLANG_WARN_COMMA = YES;
				CLANG_WARN_CONSTANT_CONVERSION = YES;
				CLANG_WARN_DEPRECATED_OBJC_IMPLEMENTATIONS = YES;
				CLANG_WARN_DIRECT_OBJC_ISA_USAGE = YES_ERROR;
				CLANG_WARN_DOCUMENTATION_COMMENTS = YES;
				CLANG_WARN_EMPTY_BODY = YES;
				CLANG_WARN_ENUM_CONVERSION = YES;
				CLANG_WARN_INFINITE_RECURSION = YES;
				CLANG_WARN_INT_CONVERSION = YES;
				CLANG_WARN_NON_LITERAL_NULL_CONVERSION = YES;
				CLANG_WARN_OBJC_IMPLICIT_RETAIN_SELF = YES;
				CLANG_WARN_OBJC_LITERAL_CONVERSION = YES;
				CLANG_WARN_OBJC_ROOT_CLASS = YES_ERROR;
				CLANG_WARN_QUOTED_INCLUDE_IN_FRAMEWORK_HEADER = YES;
				CLANG_WARN_RANGE_LOOP_ANALYSIS = YES;
				CLANG_WARN_STRICT_PROTOTYPES = YES;
				CLANG_WARN_SUSPICIOUS_MOVE = YES;
				CLANG_WARN_UNGUARDED_AVAILABILITY = YES_AGGRESSIVE;
				CLANG_WARN_UNREACHABLE_CODE = YES;
				CLANG_WARN__DUPLICATE_METHOD_MATCH = YES;
				COPY_PHASE_STRIP = NO;
				DEBUG_INFORMATION_FORMAT = dwarf;
				ENABLE_STRICT_OBJC_MSGSEND = YES;
				ENABLE_TESTABILITY = YES;
				ENABLE_USER_SCRIPT_SANDBOXING = YES;
				GCC_C_LANGUAGE_STANDARD = gnu17;
				GCC_DYNAMIC_NO_PIC = NO;
				GCC_NO_COMMON_BLOCKS = YES;
				GCC_OPTIMIZATION_LEVEL = 0;
				GCC_PREPROCESSOR_DEFINITIONS = (
					"DEBUG=1",
					"$(inherited)",
				);
				GCC_WARN_64_TO_32_BIT_CONVERSION = YES;
				GCC_WARN_ABOUT_RETURN_TYPE = YES_ERROR;
				GCC_WARN_UNDECLARED_SELECTOR = YES;
				GCC_WARN_UNINITIALIZED_AUTOS = YES_AGGRESSIVE;
				GCC_WARN_UNUSED_FUNCTION = YES;
				GCC_WARN_UNUSED_VARIABLE = YES;
				IPHONEOS_DEPLOYMENT_TARGET = 15.0;
				LOCALIZATION_PREFERS_STRING_CATALOGS = YES;
				MTL_ENABLE_DEBUG_INFO = INCLUDE_SOURCE;
				MTL_FAST_MATH = YES;
				ONLY_ACTIVE_ARCH = YES;
				SDKROOT = iphoneos;
				SWIFT_ACTIVE_COMPILATION_CONDITIONS = "DEBUG $(inherited)";
				SWIFT_OPTIMIZATION_LEVEL = "-Onone";
			};
			name = Debug;
		};
		ACE94C7A2B87BB6B0098183D /* Release */ = {
			isa = XCBuildConfiguration;
			buildSettings = {
				ALWAYS_SEARCH_USER_PATHS = NO;
				ASSETCATALOG_COMPILER_GENERATE_SWIFT_ASSET_SYMBOL_EXTENSIONS = YES;
				CLANG_ANALYZER_NONNULL = YES;
				CLANG_ANALYZER_NUMBER_OBJECT_CONVERSION = YES_AGGRESSIVE;
				CLANG_CXX_LANGUAGE_STANDARD = "gnu++20";
				CLANG_ENABLE_MODULES = YES;
				CLANG_ENABLE_OBJC_ARC = YES;
				CLANG_ENABLE_OBJC_WEAK = YES;
				CLANG_WARN_BLOCK_CAPTURE_AUTORELEASING = YES;
				CLANG_WARN_BOOL_CONVERSION = YES;
				CLANG_WARN_COMMA = YES;
				CLANG_WARN_CONSTANT_CONVERSION = YES;
				CLANG_WARN_DEPRECATED_OBJC_IMPLEMENTATIONS = YES;
				CLANG_WARN_DIRECT_OBJC_ISA_USAGE = YES_ERROR;
				CLANG_WARN_DOCUMENTATION_COMMENTS = YES;
				CLANG_WARN_EMPTY_BODY = YES;
				CLANG_WARN_ENUM_CONVERSION = YES;
				CLANG_WARN_INFINITE_RECURSION = YES;
				CLANG_WARN_INT_CONVERSION = YES;
				CLANG_WARN_NON_LITERAL_NULL_CONVERSION = YES;
				CLANG_WARN_OBJC_IMPLICIT_RETAIN_SELF = YES;
				CLANG_WARN_OBJC_LITERAL_CONVERSION = YES;
				CLANG_WARN_OBJC_ROOT_CLASS = YES_ERROR;
				CLANG_WARN_QUOTED_INCLUDE_IN_FRAMEWORK_HEADER = YES;
				CLANG_WARN_RANGE_LOOP_ANALYSIS = YES;
				CLANG_WARN_STRICT_PROTOTYPES = YES;
				CLANG_WARN_SUSPICIOUS_MOVE = YES;
				CLANG_WARN_UNGUARDED_AVAILABILITY = YES_AGGRESSIVE;
				CLANG_WARN_UNREACHABLE_CODE = YES;
				CLANG_WARN__DUPLICATE_METHOD_MATCH = YES;
				COPY_PHASE_STRIP = NO;
				DEBUG_INFORMATION_FORMAT = "dwarf-with-dsym";
				ENABLE_NS_ASSERTIONS = NO;
				ENABLE_STRICT_OBJC_MSGSEND = YES;
				ENABLE_USER_SCRIPT_SANDBOXING = YES;
				GCC_C_LANGUAGE_STANDARD = gnu17;
				GCC_NO_COMMON_BLOCKS = YES;
				GCC_WARN_64_TO_32_BIT_CONVERSION = YES;
				GCC_WARN_ABOUT_RETURN_TYPE = YES_ERROR;
				GCC_WARN_UNDECLARED_SELECTOR = YES;
				GCC_WARN_UNINITIALIZED_AUTOS = YES_AGGRESSIVE;
				GCC_WARN_UNUSED_FUNCTION = YES;
				GCC_WARN_UNUSED_VARIABLE = YES;
				IPHONEOS_DEPLOYMENT_TARGET = 15.0;
				LOCALIZATION_PREFERS_STRING_CATALOGS = YES;
				MTL_ENABLE_DEBUG_INFO = NO;
				MTL_FAST_MATH = YES;
				SDKROOT = iphoneos;
				SWIFT_COMPILATION_MODE = wholemodule;
				VALIDATE_PRODUCT = YES;
			};
			name = Release;
		};
		ACE94C7C2B87BB6B0098183D /* Debug */ = {
			isa = XCBuildConfiguration;
			buildSettings = {
				ASSETCATALOG_COMPILER_APPICON_NAME = AppIcon;
				ASSETCATALOG_COMPILER_GLOBAL_ACCENT_COLOR_NAME = AccentColor;
				CODE_SIGN_STYLE = Automatic;
				CURRENT_PROJECT_VERSION = 1;
				DEVELOPMENT_TEAM = M4SYRBQBFW;
				GENERATE_INFOPLIST_FILE = YES;
				INFOPLIST_FILE = MarvelHeros/Resources/Info.plist;
				INFOPLIST_KEY_CFBundleDisplayName = "Marvel Heros";
				INFOPLIST_KEY_UIApplicationSupportsIndirectInputEvents = YES;
				INFOPLIST_KEY_UILaunchStoryboardName = LaunchScreen.storyboard;
				INFOPLIST_KEY_UISupportedInterfaceOrientations = UIInterfaceOrientationPortrait;
				IPHONEOS_DEPLOYMENT_TARGET = 15.0;
				LD_RUNPATH_SEARCH_PATHS = (
					"$(inherited)",
					"@executable_path/Frameworks",
				);
				MARKETING_VERSION = 1.0;
				PRODUCT_BUNDLE_IDENTIFIER = com.AhmedAmin.MarvelHeros;
				PRODUCT_NAME = "$(TARGET_NAME)";
				SUPPORTED_PLATFORMS = "iphoneos iphonesimulator";
				SUPPORTS_MACCATALYST = NO;
				SUPPORTS_MAC_DESIGNED_FOR_IPHONE_IPAD = NO;
				SUPPORTS_XR_DESIGNED_FOR_IPHONE_IPAD = NO;
				SWIFT_EMIT_LOC_STRINGS = YES;
				SWIFT_VERSION = 5.0;
				TARGETED_DEVICE_FAMILY = "1,2";
			};
			name = Debug;
		};
		ACE94C7D2B87BB6B0098183D /* Release */ = {
			isa = XCBuildConfiguration;
			buildSettings = {
				ASSETCATALOG_COMPILER_APPICON_NAME = AppIcon;
				ASSETCATALOG_COMPILER_GLOBAL_ACCENT_COLOR_NAME = AccentColor;
				CODE_SIGN_STYLE = Automatic;
				CURRENT_PROJECT_VERSION = 1;
				DEVELOPMENT_TEAM = M4SYRBQBFW;
				GENERATE_INFOPLIST_FILE = YES;
				INFOPLIST_FILE = MarvelHeros/Resources/Info.plist;
				INFOPLIST_KEY_CFBundleDisplayName = "Marvel Heros";
				INFOPLIST_KEY_UIApplicationSupportsIndirectInputEvents = YES;
				INFOPLIST_KEY_UILaunchStoryboardName = LaunchScreen.storyboard;
				INFOPLIST_KEY_UISupportedInterfaceOrientations = UIInterfaceOrientationPortrait;
				IPHONEOS_DEPLOYMENT_TARGET = 15.0;
				LD_RUNPATH_SEARCH_PATHS = (
					"$(inherited)",
					"@executable_path/Frameworks",
				);
				MARKETING_VERSION = 1.0;
				PRODUCT_BUNDLE_IDENTIFIER = com.AhmedAmin.MarvelHeros;
				PRODUCT_NAME = "$(TARGET_NAME)";
				SUPPORTED_PLATFORMS = "iphoneos iphonesimulator";
				SUPPORTS_MACCATALYST = NO;
				SUPPORTS_MAC_DESIGNED_FOR_IPHONE_IPAD = NO;
				SUPPORTS_XR_DESIGNED_FOR_IPHONE_IPAD = NO;
				SWIFT_EMIT_LOC_STRINGS = YES;
				SWIFT_VERSION = 5.0;
				TARGETED_DEVICE_FAMILY = "1,2";
			};
			name = Release;
		};
/* End XCBuildConfiguration section */

/* Begin XCConfigurationList section */
		ACE94C622B87BB6A0098183D /* Build configuration list for PBXProject "MarvelHeros" */ = {
			isa = XCConfigurationList;
			buildConfigurations = (
				ACE94C792B87BB6B0098183D /* Debug */,
				ACE94C7A2B87BB6B0098183D /* Release */,
			);
			defaultConfigurationIsVisible = 0;
			defaultConfigurationName = Release;
		};
		ACE94C7B2B87BB6B0098183D /* Build configuration list for PBXNativeTarget "MarvelHeros" */ = {
			isa = XCConfigurationList;
			buildConfigurations = (
				ACE94C7C2B87BB6B0098183D /* Debug */,
				ACE94C7D2B87BB6B0098183D /* Release */,
			);
			defaultConfigurationIsVisible = 0;
			defaultConfigurationName = Release;
		};
/* End XCConfigurationList section */

/* Begin XCRemoteSwiftPackageReference section */
		ACE94CA02B87C6990098183D /* XCRemoteSwiftPackageReference "RxSwift" */ = {
			isa = XCRemoteSwiftPackageReference;
			repositoryURL = "https://github.com/ReactiveX/RxSwift.git";
			requirement = {
				kind = upToNextMajorVersion;
				minimumVersion = 6.6.0;
			};
		};
/* End XCRemoteSwiftPackageReference section */

/* Begin XCSwiftPackageProductDependency section */
		ACE94CA12B87C6990098183D /* RxBlocking */ = {
			isa = XCSwiftPackageProductDependency;
			package = ACE94CA02B87C6990098183D /* XCRemoteSwiftPackageReference "RxSwift" */;
			productName = RxBlocking;
		};
		ACE94CA32B87C6990098183D /* RxBlocking-Dynamic */ = {
			isa = XCSwiftPackageProductDependency;
			package = ACE94CA02B87C6990098183D /* XCRemoteSwiftPackageReference "RxSwift" */;
			productName = "RxBlocking-Dynamic";
		};
		ACE94CA52B87C6990098183D /* RxCocoa */ = {
			isa = XCSwiftPackageProductDependency;
			package = ACE94CA02B87C6990098183D /* XCRemoteSwiftPackageReference "RxSwift" */;
			productName = RxCocoa;
		};
		ACE94CA72B87C6990098183D /* RxCocoa-Dynamic */ = {
			isa = XCSwiftPackageProductDependency;
			package = ACE94CA02B87C6990098183D /* XCRemoteSwiftPackageReference "RxSwift" */;
			productName = "RxCocoa-Dynamic";
		};
		ACE94CA92B87C6990098183D /* RxRelay */ = {
			isa = XCSwiftPackageProductDependency;
			package = ACE94CA02B87C6990098183D /* XCRemoteSwiftPackageReference "RxSwift" */;
			productName = RxRelay;
		};
/* End XCSwiftPackageProductDependency section */
	};
	rootObject = ACE94C5F2B87BB6A0098183D /* Project object */;
}
